# This file is automatically @generated by Cargo.
# It is not intended for manual editing.
version = 4

[[package]]
name = "clove"
version = "0.0.1"

[[package]]
name = "clove-core"
version = "0.0.1"
dependencies = [
 "i2pnet",
]

[[package]]
name = "cloved"
version = "0.0.1"
dependencies = [
 "clove-core",
 "i2pnet",
]

[[package]]
name = "i2pnet"
version = "0.0.1"
